
Microsoft Visual Studio Solution File, Format Version 12.00
# Visual Studio 2012
Project("{F14B399A-7131-4C87-9E4B-1186C45EF12D}") = "Client_socialMediaAccount_follower_dashboard", "Client_socialMediaAccount_follower_dashboard\Client_socialMediaAccount_follower_dashboard.rptproj", "{BF99E439-09D4-490E-B41A-14E593063171}"
EndProject
Global
	GlobalSection(SolutionConfigurationPlatforms) = preSolution
		Debug|Default = Debug|Default
		DebugLocal|Default = DebugLocal|Default
		Release|Default = Release|Default
	EndGlobalSection
	GlobalSection(ProjectConfigurationPlatforms) = postSolution
		{BF99E439-09D4-490E-B41A-14E593063171}.Debug|Default.ActiveCfg = Debug
		{BF99E439-09D4-490E-B41A-14E593063171}.Debug|Default.Build.0 = Debug
		{BF99E439-09D4-490E-B41A-14E593063171}.Debug|Default.Deploy.0 = Debug
		{BF99E439-09D4-490E-B41A-14E593063171}.DebugLocal|Default.ActiveCfg = DebugLocal
		{BF99E439-09D4-490E-B41A-14E593063171}.DebugLocal|Default.Build.0 = DebugLocal
		{BF99E439-09D4-490E-B41A-14E593063171}.Release|Default.ActiveCfg = Release
		{BF99E439-09D4-490E-B41A-14E593063171}.Release|Default.Build.0 = Release
		{BF99E439-09D4-490E-B41A-14E593063171}.Release|Default.Deploy.0 = Release
	EndGlobalSection
	GlobalSection(SolutionProperties) = preSolution
		HideSolutionNode = FALSE
	EndGlobalSection
EndGlobal
